// !$*UTF8*$!
{
	archiveVersion = 1;
	classes = {
	};
	objectVersion = 50;
	objects = {

/* Begin PBXBuildFile section */
		170465EB2138ABAF00DC9335 /* FirebaseFunctions.swift in Sources */ = {isa = PBXBuildFile; fileRef = 170465EA2138ABAF00DC9335 /* FirebaseFunctions.swift */; };
		170465ED2138B71B00DC9335 /* ProfileViewController.swift in Sources */ = {isa = PBXBuildFile; fileRef = 170465EC2138B71B00DC9335 /* ProfileViewController.swift */; };
		172935D92134BCC40071D946 /* PetsTableViewController.swift in Sources */ = {isa = PBXBuildFile; fileRef = 172935D82134BCC40071D946 /* PetsTableViewController.swift */; };
		172935E52134BDE00071D946 /* PetsTableViewCell.swift in Sources */ = {isa = PBXBuildFile; fileRef = 172935E02134BDDF0071D946 /* PetsTableViewCell.swift */; };
		172935E62134BDE00071D946 /* GetImageViewController.swift in Sources */ = {isa = PBXBuildFile; fileRef = 172935E12134BDDF0071D946 /* GetImageViewController.swift */; };
		172935EA2134C0E90071D946 /* Main.storyboard in Resources */ = {isa = PBXBuildFile; fileRef = 172935E82134C0E90071D946 /* Main.storyboard */; };
		172935EB2134C0E90071D946 /* LaunchScreen.storyboard in Resources */ = {isa = PBXBuildFile; fileRef = 172935E92134C0E90071D946 /* LaunchScreen.storyboard */; };
		172935ED2134DB8A0071D946 /* ViewController.swift in Sources */ = {isa = PBXBuildFile; fileRef = 172935EC2134DB8A0071D946 /* ViewController.swift */; };
		172935EF2134DBF10071D946 /* Pet.swift in Sources */ = {isa = PBXBuildFile; fileRef = 172935EE2134DBF10071D946 /* Pet.swift */; };
		173226E4211741BD00BCA075 /* AppDelegate.swift in Sources */ = {isa = PBXBuildFile; fileRef = 173226E3211741BD00BCA075 /* AppDelegate.swift */; };
		173226EB211741BF00BCA075 /* Assets.xcassets in Resources */ = {isa = PBXBuildFile; fileRef = 173226EA211741BF00BCA075 /* Assets.xcassets */; };
		1740B2EC211D29510088597A /* GoogleService-Info.plist in Resources */ = {isa = PBXBuildFile; fileRef = 1740B2EB211D29510088597A /* GoogleService-Info.plist */; };
		17795518211D34B40036B3F9 /* MainViewController.swift in Sources */ = {isa = PBXBuildFile; fileRef = 17795517211D34B40036B3F9 /* MainViewController.swift */; };
		1779551A211D3E9C0036B3F9 /* ResetViewController.swift in Sources */ = {isa = PBXBuildFile; fileRef = 17795519211D3E9C0036B3F9 /* ResetViewController.swift */; };
		1779551D211E0CC40036B3F9 /* User.swift in Sources */ = {isa = PBXBuildFile; fileRef = 1779551C211E0CC40036B3F9 /* User.swift */; };
		1779551F211E10BC0036B3F9 /* SignUpViewController.swift in Sources */ = {isa = PBXBuildFile; fileRef = 1779551E211E10BC0036B3F9 /* SignUpViewController.swift */; };
		17F3CF8C2139F74A003D84B6 /* Message.swift in Sources */ = {isa = PBXBuildFile; fileRef = 17F3CF8B2139F74A003D84B6 /* Message.swift */; };
		17F3CF8E2139F92F003D84B6 /* ChatTableViewController.swift in Sources */ = {isa = PBXBuildFile; fileRef = 17F3CF8D2139F92F003D84B6 /* ChatTableViewController.swift */; };
		17F3CF952139FA57003D84B6 /* ChatTableViewCell.swift in Sources */ = {isa = PBXBuildFile; fileRef = 17F3CF942139FA57003D84B6 /* ChatTableViewCell.swift */; };
		5FA142A889024DDCED736B25 /* Pods_MeuNovoAmigo.framework in Frameworks */ = {isa = PBXBuildFile; fileRef = 062D4AE00EB4D6847AF26B3E /* Pods_MeuNovoAmigo.framework */; };
/* End PBXBuildFile section */

/* Begin PBXFileReference section */
		062D4AE00EB4D6847AF26B3E /* Pods_MeuNovoAmigo.framework */ = {isa = PBXFileReference; explicitFileType = wrapper.framework; includeInIndex = 0; path = Pods_MeuNovoAmigo.framework; sourceTree = BUILT_PRODUCTS_DIR; };
		134F07B2465673368B62119E /* Pods-MeuNovoAmigo.debug.xcconfig */ = {isa = PBXFileReference; includeInIndex = 1; lastKnownFileType = text.xcconfig; name = "Pods-MeuNovoAmigo.debug.xcconfig"; path = "Pods/Target Support Files/Pods-MeuNovoAmigo/Pods-MeuNovoAmigo.debug.xcconfig"; sourceTree = "<group>"; };
		170465EA2138ABAF00DC9335 /* FirebaseFunctions.swift */ = {isa = PBXFileReference; lastKnownFileType = sourcecode.swift; path = FirebaseFunctions.swift; sourceTree = "<group>"; };
		170465EC2138B71B00DC9335 /* ProfileViewController.swift */ = {isa = PBXFileReference; lastKnownFileType = sourcecode.swift; path = ProfileViewController.swift; sourceTree = "<group>"; };
		172935D82134BCC40071D946 /* PetsTableViewController.swift */ = {isa = PBXFileReference; fileEncoding = 4; lastKnownFileType = sourcecode.swift; path = PetsTableViewController.swift; sourceTree = "<group>"; };
		172935E02134BDDF0071D946 /* PetsTableViewCell.swift */ = {isa = PBXFileReference; fileEncoding = 4; lastKnownFileType = sourcecode.swift; path = PetsTableViewCell.swift; sourceTree = "<group>"; };
		172935E12134BDDF0071D946 /* GetImageViewController.swift */ = {isa = PBXFileReference; fileEncoding = 4; lastKnownFileType = sourcecode.swift; path = GetImageViewController.swift; sourceTree = "<group>"; };
		172935E82134C0E90071D946 /* Main.storyboard */ = {isa = PBXFileReference; fileEncoding = 4; lastKnownFileType = file.storyboard; path = Main.storyboard; sourceTree = "<group>"; };
		172935E92134C0E90071D946 /* LaunchScreen.storyboard */ = {isa = PBXFileReference; fileEncoding = 4; lastKnownFileType = file.storyboard; path = LaunchScreen.storyboard; sourceTree = "<group>"; };
		172935EC2134DB8A0071D946 /* ViewController.swift */ = {isa = PBXFileReference; lastKnownFileType = sourcecode.swift; path = ViewController.swift; sourceTree = "<group>"; };
		172935EE2134DBF10071D946 /* Pet.swift */ = {isa = PBXFileReference; lastKnownFileType = sourcecode.swift; path = Pet.swift; sourceTree = "<group>"; };
		173226E0211741BD00BCA075 /* MeuNovoAmigo.app */ = {isa = PBXFileReference; explicitFileType = wrapper.application; includeInIndex = 0; path = MeuNovoAmigo.app; sourceTree = BUILT_PRODUCTS_DIR; };
		173226E3211741BD00BCA075 /* AppDelegate.swift */ = {isa = PBXFileReference; lastKnownFileType = sourcecode.swift; path = AppDelegate.swift; sourceTree = "<group>"; };
		173226EA211741BF00BCA075 /* Assets.xcassets */ = {isa = PBXFileReference; lastKnownFileType = folder.assetcatalog; path = Assets.xcassets; sourceTree = "<group>"; };
		173226EF211741BF00BCA075 /* Info.plist */ = {isa = PBXFileReference; lastKnownFileType = text.plist.xml; path = Info.plist; sourceTree = "<group>"; };
		1740B2EB211D29510088597A /* GoogleService-Info.plist */ = {isa = PBXFileReference; fileEncoding = 4; lastKnownFileType = text.plist.xml; name = "GoogleService-Info.plist"; path = "../../../Downloads/GoogleService-Info.plist"; sourceTree = "<group>"; };
		17795517211D34B40036B3F9 /* MainViewController.swift */ = {isa = PBXFileReference; lastKnownFileType = sourcecode.swift; path = MainViewController.swift; sourceTree = "<group>"; };
		17795519211D3E9C0036B3F9 /* ResetViewController.swift */ = {isa = PBXFileReference; lastKnownFileType = sourcecode.swift; path = ResetViewController.swift; sourceTree = "<group>"; };
		1779551C211E0CC40036B3F9 /* User.swift */ = {isa = PBXFileReference; lastKnownFileType = sourcecode.swift; path = User.swift; sourceTree = "<group>"; };
		1779551E211E10BC0036B3F9 /* SignUpViewController.swift */ = {isa = PBXFileReference; lastKnownFileType = sourcecode.swift; path = SignUpViewController.swift; sourceTree = "<group>"; };
		17F3CF8B2139F74A003D84B6 /* Message.swift */ = {isa = PBXFileReference; lastKnownFileType = sourcecode.swift; path = Message.swift; sourceTree = "<group>"; };
		17F3CF8D2139F92F003D84B6 /* ChatTableViewController.swift */ = {isa = PBXFileReference; lastKnownFileType = sourcecode.swift; path = ChatTableViewController.swift; sourceTree = "<group>"; };
		17F3CF942139FA57003D84B6 /* ChatTableViewCell.swift */ = {isa = PBXFileReference; lastKnownFileType = sourcecode.swift; path = ChatTableViewCell.swift; sourceTree = "<group>"; };
		B12B765015FD485479D66F1D /* Pods-MeuNovoAmigo.release.xcconfig */ = {isa = PBXFileReference; includeInIndex = 1; lastKnownFileType = text.xcconfig; name = "Pods-MeuNovoAmigo.release.xcconfig"; path = "Pods/Target Support Files/Pods-MeuNovoAmigo/Pods-MeuNovoAmigo.release.xcconfig"; sourceTree = "<group>"; };
/* End PBXFileReference section */

/* Begin PBXFrameworksBuildPhase section */
		173226DD211741BD00BCA075 /* Frameworks */ = {
			isa = PBXFrameworksBuildPhase;
			buildActionMask = 2147483647;
			files = (
				5FA142A889024DDCED736B25 /* Pods_MeuNovoAmigo.framework in Frameworks */,
			);
			runOnlyForDeploymentPostprocessing = 0;
		};
/* End PBXFrameworksBuildPhase section */

/* Begin PBXGroup section */
		170465E92138AB8800DC9335 /* Utils */ = {
			isa = PBXGroup;
			children = (
				170465EA2138ABAF00DC9335 /* FirebaseFunctions.swift */,
			);
			path = Utils;
			sourceTree = "<group>";
		};
		173226D7211741BD00BCA075 = {
			isa = PBXGroup;
			children = (
				173226E2211741BD00BCA075 /* MeuNovoAmigo */,
				173226E1211741BD00BCA075 /* Products */,
				6B41E156F21D66BD76333BB3 /* Pods */,
				7165C535A836A57FEEE95E94 /* Frameworks */,
			);
			sourceTree = "<group>";
		};
		173226E1211741BD00BCA075 /* Products */ = {
			isa = PBXGroup;
			children = (
				173226E0211741BD00BCA075 /* MeuNovoAmigo.app */,
			);
			name = Products;
			sourceTree = "<group>";
		};
		173226E2211741BD00BCA075 /* MeuNovoAmigo */ = {
			isa = PBXGroup;
			children = (
				170465E92138AB8800DC9335 /* Utils */,
				172935E92134C0E90071D946 /* LaunchScreen.storyboard */,
				172935E82134C0E90071D946 /* Main.storyboard */,
				1779551B211E0B850036B3F9 /* Models */,
				17795516211D34920036B3F9 /* Controller */,
				173226E3211741BD00BCA075 /* AppDelegate.swift */,
				173226EA211741BF00BCA075 /* Assets.xcassets */,
				173226EF211741BF00BCA075 /* Info.plist */,
				1740B2EB211D29510088597A /* GoogleService-Info.plist */,
			);
			path = MeuNovoAmigo;
			sourceTree = "<group>";
		};
		17795516211D34920036B3F9 /* Controller */ = {
			isa = PBXGroup;
			children = (
				17F3CF932139F997003D84B6 /* MessagesList */,
				17F3CF922139F986003D84B6 /* UserViews */,
				17F3CF912139F95F003D84B6 /* InitialPages */,
				17F3CF902139F951003D84B6 /* PetsCreate */,
				17F3CF8F2139F93D003D84B6 /* PetsList */,
				17795517211D34B40036B3F9 /* MainViewController.swift */,
			);
			path = Controller;
			sourceTree = "<group>";
		};
		1779551B211E0B850036B3F9 /* Models */ = {
			isa = PBXGroup;
			children = (
				1779551C211E0CC40036B3F9 /* User.swift */,
				172935EE2134DBF10071D946 /* Pet.swift */,
				17F3CF8B2139F74A003D84B6 /* Message.swift */,
			);
			path = Models;
			sourceTree = "<group>";
		};
		17F3CF8F2139F93D003D84B6 /* PetsList */ = {
			isa = PBXGroup;
			children = (
				172935E02134BDDF0071D946 /* PetsTableViewCell.swift */,
				172935D82134BCC40071D946 /* PetsTableViewController.swift */,
			);
			path = PetsList;
			sourceTree = "<group>";
		};
		17F3CF902139F951003D84B6 /* PetsCreate */ = {
			isa = PBXGroup;
			children = (
				172935E12134BDDF0071D946 /* GetImageViewController.swift */,
			);
			path = PetsCreate;
			sourceTree = "<group>";
		};
		17F3CF912139F95F003D84B6 /* InitialPages */ = {
			isa = PBXGroup;
			children = (
				172935EC2134DB8A0071D946 /* ViewController.swift */,
				17795519211D3E9C0036B3F9 /* ResetViewController.swift */,
				1779551E211E10BC0036B3F9 /* SignUpViewController.swift */,
			);
			path = InitialPages;
			sourceTree = "<group>";
		};
		17F3CF922139F986003D84B6 /* UserViews */ = {
			isa = PBXGroup;
			children = (
				170465EC2138B71B00DC9335 /* ProfileViewController.swift */,
			);
			path = UserViews;
			sourceTree = "<group>";
		};
		17F3CF932139F997003D84B6 /* MessagesList */ = {
			isa = PBXGroup;
			children = (
				17F3CF8D2139F92F003D84B6 /* ChatTableViewController.swift */,
				17F3CF942139FA57003D84B6 /* ChatTableViewCell.swift */,
			);
			path = MessagesList;
			sourceTree = "<group>";
		};
		6B41E156F21D66BD76333BB3 /* Pods */ = {
			isa = PBXGroup;
			children = (
				134F07B2465673368B62119E /* Pods-MeuNovoAmigo.debug.xcconfig */,
				B12B765015FD485479D66F1D /* Pods-MeuNovoAmigo.release.xcconfig */,
			);
			name = Pods;
			sourceTree = "<group>";
		};
		7165C535A836A57FEEE95E94 /* Frameworks */ = {
			isa = PBXGroup;
			children = (
				062D4AE00EB4D6847AF26B3E /* Pods_MeuNovoAmigo.framework */,
			);
			name = Frameworks;
			sourceTree = "<group>";
		};
/* End PBXGroup section */

/* Begin PBXNativeTarget section */
		173226DF211741BD00BCA075 /* MeuNovoAmigo */ = {
			isa = PBXNativeTarget;
			buildConfigurationList = 173226F2211741BF00BCA075 /* Build configuration list for PBXNativeTarget "MeuNovoAmigo" */;
			buildPhases = (
				DD962BF2EA543AAD12B280B8 /* [CP] Check Pods Manifest.lock */,
				173226DC211741BD00BCA075 /* Sources */,
				173226DD211741BD00BCA075 /* Frameworks */,
				173226DE211741BD00BCA075 /* Resources */,
				A9027232A726C9A21E55E4F5 /* [CP] Embed Pods Frameworks */,
			);
			buildRules = (
			);
			dependencies = (
			);
			name = MeuNovoAmigo;
			productName = MeuNovoAmigo;
			productReference = 173226E0211741BD00BCA075 /* MeuNovoAmigo.app */;
			productType = "com.apple.product-type.application";
		};
/* End PBXNativeTarget section */

/* Begin PBXProject section */
		173226D8211741BD00BCA075 /* Project object */ = {
			isa = PBXProject;
			attributes = {
				LastSwiftUpdateCheck = 0940;
				LastUpgradeCheck = 0940;
				ORGANIZATIONNAME = "Felipe Okino";
				TargetAttributes = {
					173226DF211741BD00BCA075 = {
						CreatedOnToolsVersion = 9.4.1;
					};
				};
			};
			buildConfigurationList = 173226DB211741BD00BCA075 /* Build configuration list for PBXProject "MeuNovoAmigo" */;
			compatibilityVersion = "Xcode 9.3";
			developmentRegion = en;
			hasScannedForEncodings = 0;
			knownRegions = (
				en,
				Base,
			);
			mainGroup = 173226D7211741BD00BCA075;
			productRefGroup = 173226E1211741BD00BCA075 /* Products */;
			projectDirPath = "";
			projectRoot = "";
			targets = (
				173226DF211741BD00BCA075 /* MeuNovoAmigo */,
			);
		};
/* End PBXProject section */

/* Begin PBXResourcesBuildPhase section */
		173226DE211741BD00BCA075 /* Resources */ = {
			isa = PBXResourcesBuildPhase;
			buildActionMask = 2147483647;
			files = (
				172935EA2134C0E90071D946 /* Main.storyboard in Resources */,
				1740B2EC211D29510088597A /* GoogleService-Info.plist in Resources */,
				172935EB2134C0E90071D946 /* LaunchScreen.storyboard in Resources */,
				173226EB211741BF00BCA075 /* Assets.xcassets in Resources */,
			);
			runOnlyForDeploymentPostprocessing = 0;
		};
/* End PBXResourcesBuildPhase section */

/* Begin PBXShellScriptBuildPhase section */
		A9027232A726C9A21E55E4F5 /* [CP] Embed Pods Frameworks */ = {
			isa = PBXShellScriptBuildPhase;
			buildActionMask = 2147483647;
			files = (
			);
			inputPaths = (
				"${SRCROOT}/Pods/Target Support Files/Pods-MeuNovoAmigo/Pods-MeuNovoAmigo-frameworks.sh",
				"${BUILT_PRODUCTS_DIR}/GTMSessionFetcher/GTMSessionFetcher.framework",
				"${BUILT_PRODUCTS_DIR}/GoogleUtilities/GoogleUtilities.framework",
				"${BUILT_PRODUCTS_DIR}/Kingfisher/Kingfisher.framework",
				"${BUILT_PRODUCTS_DIR}/leveldb-library/leveldb.framework",
				"${BUILT_PRODUCTS_DIR}/nanopb/nanopb.framework",
			);
			name = "[CP] Embed Pods Frameworks";
			outputPaths = (
				"${TARGET_BUILD_DIR}/${FRAMEWORKS_FOLDER_PATH}/GTMSessionFetcher.framework",
				"${TARGET_BUILD_DIR}/${FRAMEWORKS_FOLDER_PATH}/GoogleUtilities.framework",
				"${TARGET_BUILD_DIR}/${FRAMEWORKS_FOLDER_PATH}/Kingfisher.framework",
				"${TARGET_BUILD_DIR}/${FRAMEWORKS_FOLDER_PATH}/leveldb.framework",
				"${TARGET_BUILD_DIR}/${FRAMEWORKS_FOLDER_PATH}/nanopb.framework",
			);
			runOnlyForDeploymentPostprocessing = 0;
			shellPath = /bin/sh;
			shellScript = "\"${SRCROOT}/Pods/Target Support Files/Pods-MeuNovoAmigo/Pods-MeuNovoAmigo-frameworks.sh\"\n";
			showEnvVarsInLog = 0;
		};
		DD962BF2EA543AAD12B280B8 /* [CP] Check Pods Manifest.lock */ = {
			isa = PBXShellScriptBuildPhase;
			buildActionMask = 2147483647;
			files = (
			);
			inputPaths = (
				"${PODS_PODFILE_DIR_PATH}/Podfile.lock",
				"${PODS_ROOT}/Manifest.lock",
			);
			name = "[CP] Check Pods Manifest.lock";
			outputPaths = (
				"$(DERIVED_FILE_DIR)/Pods-MeuNovoAmigo-checkManifestLockResult.txt",
			);
			runOnlyForDeploymentPostprocessing = 0;
			shellPath = /bin/sh;
			shellScript = "diff \"${PODS_PODFILE_DIR_PATH}/Podfile.lock\" \"${PODS_ROOT}/Manifest.lock\" > /dev/null\nif [ $? != 0 ] ; then\n    # print error to STDERR\n    echo \"error: The sandbox is not in sync with the Podfile.lock. Run 'pod install' or update your CocoaPods installation.\" >&2\n    exit 1\nfi\n# This output is used by Xcode 'outputs' to avoid re-running this script phase.\necho \"SUCCESS\" > \"${SCRIPT_OUTPUT_FILE_0}\"\n";
			showEnvVarsInLog = 0;
		};
/* End PBXShellScriptBuildPhase section */

/* Begin PBXSourcesBuildPhase section */
		173226DC211741BD00BCA075 /* Sources */ = {
			isa = PBXSourcesBuildPhase;
			buildActionMask = 2147483647;
			files = (
				1779551F211E10BC0036B3F9 /* SignUpViewController.swift in Sources */,
				17795518211D34B40036B3F9 /* MainViewController.swift in Sources */,
				17F3CF8C2139F74A003D84B6 /* Message.swift in Sources */,
				172935E62134BDE00071D946 /* GetImageViewController.swift in Sources */,
				172935ED2134DB8A0071D946 /* ViewController.swift in Sources */,
				172935E52134BDE00071D946 /* PetsTableViewCell.swift in Sources */,
				17F3CF8E2139F92F003D84B6 /* ChatTableViewController.swift in Sources */,
				17F3CF952139FA57003D84B6 /* ChatTableViewCell.swift in Sources */,
				1779551A211D3E9C0036B3F9 /* ResetViewController.swift in Sources */,
				170465ED2138B71B00DC9335 /* ProfileViewController.swift in Sources */,
				1779551D211E0CC40036B3F9 /* User.swift in Sources */,
				170465EB2138ABAF00DC9335 /* FirebaseFunctions.swift in Sources */,
				173226E4211741BD00BCA075 /* AppDelegate.swift in Sources */,
				172935D92134BCC40071D946 /* PetsTableViewController.swift in Sources */,
				172935EF2134DBF10071D946 /* Pet.swift in Sources */,
			);
			runOnlyForDeploymentPostprocessing = 0;
		};
/* End PBXSourcesBuildPhase section */

/* Begin XCBuildConfiguration section */
		173226F0211741BF00BCA075 /* Debug */ = {
			isa = XCBuildConfiguration;
			buildSettings = {
				ALWAYS_SEARCH_USER_PATHS = NO;
				CLANG_ANALYZER_NONNULL = YES;
				CLANG_ANALYZER_NUMBER_OBJECT_CONVERSION = YES_AGGRESSIVE;
				CLANG_CXX_LANGUAGE_STANDARD = "gnu++14";
				CLANG_CXX_LIBRARY = "libc++";
				CLANG_ENABLE_MODULES = YES;
				CLANG_ENABLE_OBJC_ARC = YES;
				CLANG_ENABLE_OBJC_WEAK = YES;
				CLANG_WARN_BLOCK_CAPTURE_AUTORELEASING = YES;
				CLANG_WARN_BOOL_CONVERSION = YES;
				CLANG_WARN_COMMA = YES;
				CLANG_WARN_CONSTANT_CONVERSION = YES;
				CLANG_WARN_DEPRECATED_OBJC_IMPLEMENTATIONS = YES;
				CLANG_WARN_DIRECT_OBJC_ISA_USAGE = YES_ERROR;
				CLANG_WARN_DOCUMENTATION_COMMENTS = YES;
				CLANG_WARN_EMPTY_BODY = YES;
				CLANG_WARN_ENUM_CONVERSION = YES;
				CLANG_WARN_INFINITE_RECURSION = YES;
				CLANG_WARN_INT_CONVERSION = YES;
				CLANG_WARN_NON_LITERAL_NULL_CONVERSION = YES;
				CLANG_WARN_OBJC_IMPLICIT_RETAIN_SELF = YES;
				CLANG_WARN_OBJC_LITERAL_CONVERSION = YES;
				CLANG_WARN_OBJC_ROOT_CLASS = YES_ERROR;
				CLANG_WARN_RANGE_LOOP_ANALYSIS = YES;
				CLANG_WARN_STRICT_PROTOTYPES = YES;
				CLANG_WARN_SUSPICIOUS_MOVE = YES;
				CLANG_WARN_UNGUARDED_AVAILABILITY = YES_AGGRESSIVE;
				CLANG_WARN_UNREACHABLE_CODE = YES;
				CLANG_WARN__DUPLICATE_METHOD_MATCH = YES;
				CODE_SIGN_IDENTITY = "iPhone Developer";
				COPY_PHASE_STRIP = NO;
				DEBUG_INFORMATION_FORMAT = dwarf;
				ENABLE_STRICT_OBJC_MSGSEND = YES;
				ENABLE_TESTABILITY = YES;
				GCC_C_LANGUAGE_STANDARD = gnu11;
				GCC_DYNAMIC_NO_PIC = NO;
				GCC_NO_COMMON_BLOCKS = YES;
				GCC_OPTIMIZATION_LEVEL = 0;
				GCC_PREPROCESSOR_DEFINITIONS = (
					"DEBUG=1",
					"$(inherited)",
				);
				GCC_WARN_64_TO_32_BIT_CONVERSION = YES;
				GCC_WARN_ABOUT_RETURN_TYPE = YES_ERROR;
				GCC_WARN_UNDECLARED_SELECTOR = YES;
				GCC_WARN_UNINITIALIZED_AUTOS = YES_AGGRESSIVE;
				GCC_WARN_UNUSED_FUNCTION = YES;
				GCC_WARN_UNUSED_VARIABLE = YES;
				IPHONEOS_DEPLOYMENT_TARGET = 11.4;
				MTL_ENABLE_DEBUG_INFO = YES;
				ONLY_ACTIVE_ARCH = YES;
				SDKROOT = iphoneos;
				SWIFT_ACTIVE_COMPILATION_CONDITIONS = DEBUG;
				SWIFT_OPTIMIZATION_LEVEL = "-Onone";
			};
			name = Debug;
		};
		173226F1211741BF00BCA075 /* Release */ = {
			isa = XCBuildConfiguration;
			buildSettings = {
				ALWAYS_SEARCH_USER_PATHS = NO;
				CLANG_ANALYZER_NONNULL = YES;
				CLANG_ANALYZER_NUMBER_OBJECT_CONVERSION = YES_AGGRESSIVE;
				CLANG_CXX_LANGUAGE_STANDARD = "gnu++14";
				CLANG_CXX_LIBRARY = "libc++";
				CLANG_ENABLE_MODULES = YES;
				CLANG_ENABLE_OBJC_ARC = YES;
				CLANG_ENABLE_OBJC_WEAK = YES;
				CLANG_WARN_BLOCK_CAPTURE_AUTORELEASING = YES;
				CLANG_WARN_BOOL_CONVERSION = YES;
				CLANG_WARN_COMMA = YES;
				CLANG_WARN_CONSTANT_CONVERSION = YES;
				CLANG_WARN_DEPRECATED_OBJC_IMPLEMENTATIONS = YES;
				CLANG_WARN_DIRECT_OBJC_ISA_USAGE = YES_ERROR;
				CLANG_WARN_DOCUMENTATION_COMMENTS = YES;
				CLANG_WARN_EMPTY_BODY = YES;
				CLANG_WARN_ENUM_CONVERSION = YES;
				CLANG_WARN_INFINITE_RECURSION = YES;
				CLANG_WARN_INT_CONVERSION = YES;
				CLANG_WARN_NON_LITERAL_NULL_CONVERSION = YES;
				CLANG_WARN_OBJC_IMPLICIT_RETAIN_SELF = YES;
				CLANG_WARN_OBJC_LITERAL_CONVERSION = YES;
				CLANG_WARN_OBJC_ROOT_CLASS = YES_ERROR;
				CLANG_WARN_RANGE_LOOP_ANALYSIS = YES;
				CLANG_WARN_STRICT_PROTOTYPES = YES;
				CLANG_WARN_SUSPICIOUS_MOVE = YES;
				CLANG_WARN_UNGUARDED_AVAILABILITY = YES_AGGRESSIVE;
				CLANG_WARN_UNREACHABLE_CODE = YES;
				CLANG_WARN__DUPLICATE_METHOD_MATCH = YES;
				CODE_SIGN_IDENTITY = "iPhone Developer";
				COPY_PHASE_STRIP = NO;
				DEBUG_INFORMATION_FORMAT = "dwarf-with-dsym";
				ENABLE_NS_ASSERTIONS = NO;
				ENABLE_STRICT_OBJC_MSGSEND = YES;
				GCC_C_LANGUAGE_STANDARD = gnu11;
				GCC_NO_COMMON_BLOCKS = YES;
				GCC_WARN_64_TO_32_BIT_CONVERSION = YES;
				GCC_WARN_ABOUT_RETURN_TYPE = YES_ERROR;
				GCC_WARN_UNDECLARED_SELECTOR = YES;
				GCC_WARN_UNINITIALIZED_AUTOS = YES_AGGRESSIVE;
				GCC_WARN_UNUSED_FUNCTION = YES;
				GCC_WARN_UNUSED_VARIABLE = YES;
				IPHONEOS_DEPLOYMENT_TARGET = 11.4;
				MTL_ENABLE_DEBUG_INFO = NO;
				SDKROOT = iphoneos;
				SWIFT_COMPILATION_MODE = wholemodule;
				SWIFT_OPTIMIZATION_LEVEL = "-O";
				VALIDATE_PRODUCT = YES;
			};
			name = Release;
		};
		173226F3211741BF00BCA075 /* Debug */ = {
			isa = XCBuildConfiguration;
			baseConfigurationReference = 134F07B2465673368B62119E /* Pods-MeuNovoAmigo.debug.xcconfig */;
			buildSettings = {
				ASSETCATALOG_COMPILER_APPICON_NAME = AppIcon;
				CODE_SIGN_STYLE = Automatic;
				DEVELOPMENT_TEAM = 38JD33GK42;
				INFOPLIST_FILE = MeuNovoAmigo/Info.plist;
				LD_RUNPATH_SEARCH_PATHS = (
					"$(inherited)",
					"@executable_path/Frameworks",
				);
				PRODUCT_BUNDLE_IDENTIFIER = com.okino.MeuNovoAmigo;
				PRODUCT_NAME = "$(TARGET_NAME)";
				SWIFT_VERSION = 4.0;
				TARGETED_DEVICE_FAMILY = "1,2";
			};
			name = Debug;
		};
		173226F4211741BF00BCA075 /* Release */ = {
			isa = XCBuildConfiguration;
			baseConfigurationReference = B12B765015FD485479D66F1D /* Pods-MeuNovoAmigo.release.xcconfig */;
			buildSettings = {
				ASSETCATALOG_COMPILER_APPICON_NAME = AppIcon;
				CODE_SIGN_STYLE = Automatic;
				DEVELOPMENT_TEAM = 38JD33GK42;
				INFOPLIST_FILE = MeuNovoAmigo/Info.plist;
				LD_RUNPATH_SEARCH_PATHS = (
					"$(inherited)",
					"@executable_path/Frameworks",
				);
				PRODUCT_BUNDLE_IDENTIFIER = com.okino.MeuNovoAmigo;
				PRODUCT_NAME = "$(TARGET_NAME)";
				SWIFT_VERSION = 4.0;
				TARGETED_DEVICE_FAMILY = "1,2";
			};
			name = Release;
		};
/* End XCBuildConfiguration section */

/* Begin XCConfigurationList section */
		173226DB211741BD00BCA075 /* Build configuration list for PBXProject "MeuNovoAmigo" */ = {
			isa = XCConfigurationList;
			buildConfigurations = (
				173226F0211741BF00BCA075 /* Debug */,
				173226F1211741BF00BCA075 /* Release */,
			);
			defaultConfigurationIsVisible = 0;
			defaultConfigurationName = Release;
		};
		173226F2211741BF00BCA075 /* Build configuration list for PBXNativeTarget "MeuNovoAmigo" */ = {
			isa = XCConfigurationList;
			buildConfigurations = (
				173226F3211741BF00BCA075 /* Debug */,
				173226F4211741BF00BCA075 /* Release */,
			);
			defaultConfigurationIsVisible = 0;
			defaultConfigurationName = Release;
		};
/* End XCConfigurationList section */
	};
	rootObject = 173226D8211741BD00BCA075 /* Project object */;
}
